// !$*UTF8*$!
{
	archiveVersion = 1;
	classes = {
	};
	objectVersion = 50;
	objects = {

/* Begin PBXBuildFile section */
		5013262A264D239E000D8B0C /* hikeData.json in Resources */ = {isa = PBXBuildFile; fileRef = 50132629264D239E000D8B0C /* hikeData.json */; };
		5013262D264D23D9000D8B0C /* Hike.swift in Sources */ = {isa = PBXBuildFile; fileRef = 5013262C264D23D9000D8B0C /* Hike.swift */; };
		50132634264D25F0000D8B0C /* GraphCapsule.swift in Sources */ = {isa = PBXBuildFile; fileRef = 50132630264D25F0000D8B0C /* GraphCapsule.swift */; };
		50132635264D25F0000D8B0C /* HikeGraph.swift in Sources */ = {isa = PBXBuildFile; fileRef = 50132631264D25F0000D8B0C /* HikeGraph.swift */; };
		50132636264D25F0000D8B0C /* HikeDetail.swift in Sources */ = {isa = PBXBuildFile; fileRef = 50132632264D25F0000D8B0C /* HikeDetail.swift */; };
		50132637264D25F0000D8B0C /* HikeView.swift in Sources */ = {isa = PBXBuildFile; fileRef = 50132633264D25F0000D8B0C /* HikeView.swift */; };
		5013263A264D3001000D8B0C /* CategoryHome.swift in Sources */ = {isa = PBXBuildFile; fileRef = 50132639264D3001000D8B0C /* CategoryHome.swift */; };
		5013263D264D3634000D8B0C /* CategoryRow.swift in Sources */ = {isa = PBXBuildFile; fileRef = 5013263C264D3634000D8B0C /* CategoryRow.swift */; };
		50132640264D38BA000D8B0C /* CategoryItem.swift in Sources */ = {isa = PBXBuildFile; fileRef = 5013263F264D38BA000D8B0C /* CategoryItem.swift */; };
		509B06F62646A0B40059222E /* landmarkApp.swift in Sources */ = {isa = PBXBuildFile; fileRef = 509B06F52646A0B40059222E /* landmarkApp.swift */; };
		509B06F82646A0B40059222E /* ContentView.swift in Sources */ = {isa = PBXBuildFile; fileRef = 509B06F72646A0B40059222E /* ContentView.swift */; };
		509B06FA2646A0B50059222E /* Assets.xcassets in Resources */ = {isa = PBXBuildFile; fileRef = 509B06F92646A0B50059222E /* Assets.xcassets */; };
		509B06FD2646A0B50059222E /* Preview Assets.xcassets in Resources */ = {isa = PBXBuildFile; fileRef = 509B06FC2646A0B50059222E /* Preview Assets.xcassets */; };
		509B07062646A5A50059222E /* CircleImage.swift in Sources */ = {isa = PBXBuildFile; fileRef = 509B07052646A5A50059222E /* CircleImage.swift */; };
		509B07092646A75E0059222E /* MapView.swift in Sources */ = {isa = PBXBuildFile; fileRef = 509B07082646A75E0059222E /* MapView.swift */; };
		509B070C2646B58C0059222E /* landmarkData.json in Resources */ = {isa = PBXBuildFile; fileRef = 509B070B2646B58C0059222E /* landmarkData.json */; };
		509B070F2646B5B90059222E /* Landmark.swift in Sources */ = {isa = PBXBuildFile; fileRef = 509B070E2646B5B90059222E /* Landmark.swift */; };
		509B07122646B7D90059222E /* ModelData.swift in Sources */ = {isa = PBXBuildFile; fileRef = 509B07112646B7D90059222E /* ModelData.swift */; };
		509B07222646DB890059222E /* LandmarkRow.swift in Sources */ = {isa = PBXBuildFile; fileRef = 509B07212646DB890059222E /* LandmarkRow.swift */; };
		509B072C2646E1910059222E /* LandmarkList.swift in Sources */ = {isa = PBXBuildFile; fileRef = 509B072B2646E1910059222E /* LandmarkList.swift */; };
		509B072F2646E64B0059222E /* LandmarkDetail.swift in Sources */ = {isa = PBXBuildFile; fileRef = 509B072E2646E64B0059222E /* LandmarkDetail.swift */; };
		50F580E92647E79C00220171 /* FavoriteButton.swift in Sources */ = {isa = PBXBuildFile; fileRef = 50F580E82647E79C00220171 /* FavoriteButton.swift */; };
/* End PBXBuildFile section */

/* Begin PBXFileReference section */
		50132629264D239E000D8B0C /* hikeData.json */ = {isa = PBXFileReference; fileEncoding = 4; lastKnownFileType = text.json; path = hikeData.json; sourceTree = "<group>"; };
		5013262C264D23D9000D8B0C /* Hike.swift */ = {isa = PBXFileReference; lastKnownFileType = sourcecode.swift; path = Hike.swift; sourceTree = "<group>"; };
		50132630264D25F0000D8B0C /* GraphCapsule.swift */ = {isa = PBXFileReference; fileEncoding = 4; lastKnownFileType = sourcecode.swift; path = GraphCapsule.swift; sourceTree = "<group>"; };
		50132631264D25F0000D8B0C /* HikeGraph.swift */ = {isa = PBXFileReference; fileEncoding = 4; lastKnownFileType = sourcecode.swift; path = HikeGraph.swift; sourceTree = "<group>"; };
		50132632264D25F0000D8B0C /* HikeDetail.swift */ = {isa = PBXFileReference; fileEncoding = 4; lastKnownFileType = sourcecode.swift; path = HikeDetail.swift; sourceTree = "<group>"; };
		50132633264D25F0000D8B0C /* HikeView.swift */ = {isa = PBXFileReference; fileEncoding = 4; lastKnownFileType = sourcecode.swift; path = HikeView.swift; sourceTree = "<group>"; };
		50132639264D3001000D8B0C /* CategoryHome.swift */ = {isa = PBXFileReference; lastKnownFileType = sourcecode.swift; path = CategoryHome.swift; sourceTree = "<group>"; };
		5013263C264D3634000D8B0C /* CategoryRow.swift */ = {isa = PBXFileReference; lastKnownFileType = sourcecode.swift; path = CategoryRow.swift; sourceTree = "<group>"; };
		5013263F264D38BA000D8B0C /* CategoryItem.swift */ = {isa = PBXFileReference; lastKnownFileType = sourcecode.swift; path = CategoryItem.swift; sourceTree = "<group>"; };
		509B06F22646A0B40059222E /* landmark.app */ = {isa = PBXFileReference; explicitFileType = wrapper.application; includeInIndex = 0; path = landmark.app; sourceTree = BUILT_PRODUCTS_DIR; };
		509B06F52646A0B40059222E /* landmarkApp.swift */ = {isa = PBXFileReference; lastKnownFileType = sourcecode.swift; path = landmarkApp.swift; sourceTree = "<group>"; };
		509B06F72646A0B40059222E /* ContentView.swift */ = {isa = PBXFileReference; lastKnownFileType = sourcecode.swift; path = ContentView.swift; sourceTree = "<group>"; };
		509B06F92646A0B50059222E /* Assets.xcassets */ = {isa = PBXFileReference; lastKnownFileType = folder.assetcatalog; path = Assets.xcassets; sourceTree = "<group>"; };
		509B06FC2646A0B50059222E /* Preview Assets.xcassets */ = {isa = PBXFileReference; lastKnownFileType = folder.assetcatalog; path = "Preview Assets.xcassets"; sourceTree = "<group>"; };
		509B06FE2646A0B50059222E /* Info.plist */ = {isa = PBXFileReference; lastKnownFileType = text.plist.xml; path = Info.plist; sourceTree = "<group>"; };
		509B07052646A5A50059222E /* CircleImage.swift */ = {isa = PBXFileReference; lastKnownFileType = sourcecode.swift; path = CircleImage.swift; sourceTree = "<group>"; };
		509B07082646A75E0059222E /* MapView.swift */ = {isa = PBXFileReference; lastKnownFileType = sourcecode.swift; path = MapView.swift; sourceTree = "<group>"; };
		509B070B2646B58C0059222E /* landmarkData.json */ = {isa = PBXFileReference; fileEncoding = 4; lastKnownFileType = text.json; path = landmarkData.json; sourceTree = "<group>"; };
		509B070E2646B5B90059222E /* Landmark.swift */ = {isa = PBXFileReference; lastKnownFileType = sourcecode.swift; path = Landmark.swift; sourceTree = "<group>"; };
		509B07112646B7D90059222E /* ModelData.swift */ = {isa = PBXFileReference; lastKnownFileType = sourcecode.swift; path = ModelData.swift; sourceTree = "<group>"; };
		509B07212646DB890059222E /* LandmarkRow.swift */ = {isa = PBXFileReference; lastKnownFileType = sourcecode.swift; path = LandmarkRow.swift; sourceTree = "<group>"; };
		509B072B2646E1910059222E /* LandmarkList.swift */ = {isa = PBXFileReference; lastKnownFileType = sourcecode.swift; path = LandmarkList.swift; sourceTree = "<group>"; };
		509B072E2646E64B0059222E /* LandmarkDetail.swift */ = {isa = PBXFileReference; lastKnownFileType = sourcecode.swift; path = LandmarkDetail.swift; sourceTree = "<group>"; };
		50F580E82647E79C00220171 /* FavoriteButton.swift */ = {isa = PBXFileReference; lastKnownFileType = sourcecode.swift; path = FavoriteButton.swift; sourceTree = "<group>"; };
/* End PBXFileReference section */

/* Begin PBXFrameworksBuildPhase section */
		509B06EF2646A0B40059222E /* Frameworks */ = {
			isa = PBXFrameworksBuildPhase;
			buildActionMask = 2147483647;
			files = (
			);
			runOnlyForDeploymentPostprocessing = 0;
		};
/* End PBXFrameworksBuildPhase section */

/* Begin PBXGroup section */
		5013262F264D25F0000D8B0C /* Hikes */ = {
			isa = PBXGroup;
			children = (
				50132630264D25F0000D8B0C /* GraphCapsule.swift */,
				50132631264D25F0000D8B0C /* HikeGraph.swift */,
				50132632264D25F0000D8B0C /* HikeDetail.swift */,
				50132633264D25F0000D8B0C /* HikeView.swift */,
			);
			path = Hikes;
			sourceTree = "<group>";
		};
		509B06E92646A0B40059222E = {
			isa = PBXGroup;
			children = (
				509B06F42646A0B40059222E /* landmark */,
				509B06F32646A0B40059222E /* Products */,
			);
			sourceTree = "<group>";
		};
		509B06F32646A0B40059222E /* Products */ = {
			isa = PBXGroup;
			children = (
				509B06F22646A0B40059222E /* landmark.app */,
			);
			name = Products;
			sourceTree = "<group>";
		};
		509B06F42646A0B40059222E /* landmark */ = {
			isa = PBXGroup;
			children = (
				509B06F52646A0B40059222E /* landmarkApp.swift */,
				509B06F92646A0B50059222E /* Assets.xcassets */,
				509B06FE2646A0B50059222E /* Info.plist */,
				509B06FB2646A0B50059222E /* Preview Content */,
				509B071F2646D9350059222E /* Resources */,
				509B071E2646D92A0059222E /* Model */,
				509B071C2646D90B0059222E /* Views */,
				509B07082646A75E0059222E /* MapView.swift */,
				509B07052646A5A50059222E /* CircleImage.swift */,
				509B06F72646A0B40059222E /* ContentView.swift */,
				50F580E82647E79C00220171 /* FavoriteButton.swift */,
				5013262F264D25F0000D8B0C /* Hikes */,
				50132639264D3001000D8B0C /* CategoryHome.swift */,
				5013263C264D3634000D8B0C /* CategoryRow.swift */,
				5013263F264D38BA000D8B0C /* CategoryItem.swift */,
			);
			path = landmark;
			sourceTree = "<group>";
		};
		509B06FB2646A0B50059222E /* Preview Content */ = {
			isa = PBXGroup;
			children = (
				509B06FC2646A0B50059222E /* Preview Assets.xcassets */,
			);
			path = "Preview Content";
			sourceTree = "<group>";
		};
		509B071C2646D90B0059222E /* Views */ = {
			isa = PBXGroup;
			children = (
				509B07212646DB890059222E /* LandmarkRow.swift */,
				509B072B2646E1910059222E /* LandmarkList.swift */,
				509B072E2646E64B0059222E /* LandmarkDetail.swift */,
			);
			path = Views;
			sourceTree = "<group>";
		};
		509B071E2646D92A0059222E /* Model */ = {
			isa = PBXGroup;
			children = (
				509B07112646B7D90059222E /* ModelData.swift */,
				509B070E2646B5B90059222E /* Landmark.swift */,
				5013262C264D23D9000D8B0C /* Hike.swift */,
			);
			path = Model;
			sourceTree = "<group>";
		};
		509B071F2646D9350059222E /* Resources */ = {
			isa = PBXGroup;
			children = (
				509B070B2646B58C0059222E /* landmarkData.json */,
				50132629264D239E000D8B0C /* hikeData.json */,
			);
			path = Resources;
			sourceTree = "<group>";
		};
/* End PBXGroup section */

/* Begin PBXNativeTarget section */
		509B06F12646A0B40059222E /* landmark */ = {
			isa = PBXNativeTarget;
			buildConfigurationList = 509B07012646A0B50059222E /* Build configuration list for PBXNativeTarget "landmark" */;
			buildPhases = (
				509B06EE2646A0B40059222E /* Sources */,
				509B06EF2646A0B40059222E /* Frameworks */,
				509B06F02646A0B40059222E /* Resources */,
			);
			buildRules = (
			);
			dependencies = (
			);
			name = landmark;
			productName = landmark;
			productReference = 509B06F22646A0B40059222E /* landmark.app */;
			productType = "com.apple.product-type.application";
		};
/* End PBXNativeTarget section */

/* Begin PBXProject section */
		509B06EA2646A0B40059222E /* Project object */ = {
			isa = PBXProject;
			attributes = {
				LastSwiftUpdateCheck = 1240;
				LastUpgradeCheck = 1240;
				TargetAttributes = {
					509B06F12646A0B40059222E = {
						CreatedOnToolsVersion = 12.4;
					};
				};
			};
			buildConfigurationList = 509B06ED2646A0B40059222E /* Build configuration list for PBXProject "landmark" */;
			compatibilityVersion = "Xcode 9.3";
			developmentRegion = en;
			hasScannedForEncodings = 0;
			knownRegions = (
				en,
				Base,
			);
			mainGroup = 509B06E92646A0B40059222E;
			productRefGroup = 509B06F32646A0B40059222E /* Products */;
			projectDirPath = "";
			projectRoot = "";
			targets = (
				509B06F12646A0B40059222E /* landmark */,
			);
		};
/* End PBXProject section */

/* Begin PBXResourcesBuildPhase section */
		509B06F02646A0B40059222E /* Resources */ = {
			isa = PBXResourcesBuildPhase;
			buildActionMask = 2147483647;
			files = (
				5013262A264D239E000D8B0C /* hikeData.json in Resources */,
				509B06FD2646A0B50059222E /* Preview Assets.xcassets in Resources */,
				509B06FA2646A0B50059222E /* Assets.xcassets in Resources */,
				509B070C2646B58C0059222E /* landmarkData.json in Resources */,
			);
			runOnlyForDeploymentPostprocessing = 0;
		};
/* End PBXResourcesBuildPhase section */

/* Begin PBXSourcesBuildPhase section */
		509B06EE2646A0B40059222E /* Sources */ = {
			isa = PBXSourcesBuildPhase;
			buildActionMask = 2147483647;
			files = (
				509B06F82646A0B40059222E /* ContentView.swift in Sources */,
				509B07092646A75E0059222E /* MapView.swift in Sources */,
				509B06F62646A0B40059222E /* landmarkApp.swift in Sources */,
				50F580E92647E79C00220171 /* FavoriteButton.swift in Sources */,
				50132640264D38BA000D8B0C /* CategoryItem.swift in Sources */,
				5013263A264D3001000D8B0C /* CategoryHome.swift in Sources */,
				5013262D264D23D9000D8B0C /* Hike.swift in Sources */,
				509B072C2646E1910059222E /* LandmarkList.swift in Sources */,
				509B072F2646E64B0059222E /* LandmarkDetail.swift in Sources */,
				5013263D264D3634000D8B0C /* CategoryRow.swift in Sources */,
				509B07062646A5A50059222E /* CircleImage.swift in Sources */,
				50132635264D25F0000D8B0C /* HikeGraph.swift in Sources */,
				50132634264D25F0000D8B0C /* GraphCapsule.swift in Sources */,
				509B070F2646B5B90059222E /* Landmark.swift in Sources */,
				50132636264D25F0000D8B0C /* HikeDetail.swift in Sources */,
				509B07222646DB890059222E /* LandmarkRow.swift in Sources */,
				50132637264D25F0000D8B0C /* HikeView.swift in Sources */,
				509B07122646B7D90059222E /* ModelData.swift in Sources */,
			);
			runOnlyForDeploymentPostprocessing = 0;
		};
/* End PBXSourcesBuildPhase section */

/* Begin XCBuildConfiguration section */
		509B06FF2646A0B50059222E /* Debug */ = {
			isa = XCBuildConfiguration;
			buildSettings = {
				ALWAYS_SEARCH_USER_PATHS = NO;
				CLANG_ANALYZER_NONNULL = YES;
				CLANG_ANALYZER_NUMBER_OBJECT_CONVERSION = YES_AGGRESSIVE;
				CLANG_CXX_LANGUAGE_STANDARD = "gnu++14";
				CLANG_CXX_LIBRARY = "libc++";
				CLANG_ENABLE_MODULES = YES;
				CLANG_ENABLE_OBJC_ARC = YES;
				CLANG_ENABLE_OBJC_WEAK = YES;
				CLANG_WARN_BLOCK_CAPTURE_AUTORELEASING = YES;
				CLANG_WARN_BOOL_CONVERSION = YES;
				CLANG_WARN_COMMA = YES;
				CLANG_WARN_CONSTANT_CONVERSION = YES;
				CLANG_WARN_DEPRECATED_OBJC_IMPLEMENTATIONS = YES;
				CLANG_WARN_DIRECT_OBJC_ISA_USAGE = YES_ERROR;
				CLANG_WARN_DOCUMENTATION_COMMENTS = YES;
				CLANG_WARN_EMPTY_BODY = YES;
				CLANG_WARN_ENUM_CONVERSION = YES;
				CLANG_WARN_INFINITE_RECURSION = YES;
				CLANG_WARN_INT_CONVERSION = YES;
				CLANG_WARN_NON_LITERAL_NULL_CONVERSION = YES;
				CLANG_WARN_OBJC_IMPLICIT_RETAIN_SELF = YES;
				CLANG_WARN_OBJC_LITERAL_CONVERSION = YES;
				CLANG_WARN_OBJC_ROOT_CLASS = YES_ERROR;
				CLANG_WARN_QUOTED_INCLUDE_IN_FRAMEWORK_HEADER = YES;
				CLANG_WARN_RANGE_LOOP_ANALYSIS = YES;
				CLANG_WARN_STRICT_PROTOTYPES = YES;
				CLANG_WARN_SUSPICIOUS_MOVE = YES;
				CLANG_WARN_UNGUARDED_AVAILABILITY = YES_AGGRESSIVE;
				CLANG_WARN_UNREACHABLE_CODE = YES;
				CLANG_WARN__DUPLICATE_METHOD_MATCH = YES;
				COPY_PHASE_STRIP = NO;
				DEBUG_INFORMATION_FORMAT = dwarf;
				ENABLE_STRICT_OBJC_MSGSEND = YES;
				ENABLE_TESTABILITY = YES;
				GCC_C_LANGUAGE_STANDARD = gnu11;
				GCC_DYNAMIC_NO_PIC = NO;
				GCC_NO_COMMON_BLOCKS = YES;
				GCC_OPTIMIZATION_LEVEL = 0;
				GCC_PREPROCESSOR_DEFINITIONS = (
					"DEBUG=1",
					"$(inherited)",
				);
				GCC_WARN_64_TO_32_BIT_CONVERSION = YES;
				GCC_WARN_ABOUT_RETURN_TYPE = YES_ERROR;
				GCC_WARN_UNDECLARED_SELECTOR = YES;
				GCC_WARN_UNINITIALIZED_AUTOS = YES_AGGRESSIVE;
				GCC_WARN_UNUSED_FUNCTION = YES;
				GCC_WARN_UNUSED_VARIABLE = YES;
				IPHONEOS_DEPLOYMENT_TARGET = 14.4;
				MTL_ENABLE_DEBUG_INFO = INCLUDE_SOURCE;
				MTL_FAST_MATH = YES;
				ONLY_ACTIVE_ARCH = YES;
				SDKROOT = iphoneos;
				SWIFT_ACTIVE_COMPILATION_CONDITIONS = DEBUG;
				SWIFT_OPTIMIZATION_LEVEL = "-Onone";
			};
			name = Debug;
		};
		509B07002646A0B50059222E /* Release */ = {
			isa = XCBuildConfiguration;
			buildSettings = {
				ALWAYS_SEARCH_USER_PATHS = NO;
				CLANG_ANALYZER_NONNULL = YES;
				CLANG_ANALYZER_NUMBER_OBJECT_CONVERSION = YES_AGGRESSIVE;
				CLANG_CXX_LANGUAGE_STANDARD = "gnu++14";
				CLANG_CXX_LIBRARY = "libc++";
				CLANG_ENABLE_MODULES = YES;
				CLANG_ENABLE_OBJC_ARC = YES;
				CLANG_ENABLE_OBJC_WEAK = YES;
				CLANG_WARN_BLOCK_CAPTURE_AUTORELEASING = YES;
				CLANG_WARN_BOOL_CONVERSION = YES;
				CLANG_WARN_COMMA = YES;
				CLANG_WARN_CONSTANT_CONVERSION = YES;
				CLANG_WARN_DEPRECATED_OBJC_IMPLEMENTATIONS = YES;
				CLANG_WARN_DIRECT_OBJC_ISA_USAGE = YES_ERROR;
				CLANG_WARN_DOCUMENTATION_COMMENTS = YES;
				CLANG_WARN_EMPTY_BODY = YES;
				CLANG_WARN_ENUM_CONVERSION = YES;
				CLANG_WARN_INFINITE_RECURSION = YES;
				CLANG_WARN_INT_CONVERSION = YES;
				CLANG_WARN_NON_LITERAL_NULL_CONVERSION = YES;
				CLANG_WARN_OBJC_IMPLICIT_RETAIN_SELF = YES;
				CLANG_WARN_OBJC_LITERAL_CONVERSION = YES;
				CLANG_WARN_OBJC_ROOT_CLASS = YES_ERROR;
				CLANG_WARN_QUOTED_INCLUDE_IN_FRAMEWORK_HEADER = YES;
				CLANG_WARN_RANGE_LOOP_ANALYSIS = YES;
				CLANG_WARN_STRICT_PROTOTYPES = YES;
				CLANG_WARN_SUSPICIOUS_MOVE = YES;
				CLANG_WARN_UNGUARDED_AVAILABILITY = YES_AGGRESSIVE;
				CLANG_WARN_UNREACHABLE_CODE = YES;
				CLANG_WARN__DUPLICATE_METHOD_MATCH = YES;
				COPY_PHASE_STRIP = NO;
				DEBUG_INFORMATION_FORMAT = "dwarf-with-dsym";
				ENABLE_NS_ASSERTIONS = NO;
				ENABLE_STRICT_OBJC_MSGSEND = YES;
				GCC_C_LANGUAGE_STANDARD = gnu11;
				GCC_NO_COMMON_BLOCKS = YES;
				GCC_WARN_64_TO_32_BIT_CONVERSION = YES;
				GCC_WARN_ABOUT_RETURN_TYPE = YES_ERROR;
				GCC_WARN_UNDECLARED_SELECTOR = YES;
				GCC_WARN_UNINITIALIZED_AUTOS = YES_AGGRESSIVE;
				GCC_WARN_UNUSED_FUNCTION = YES;
				GCC_WARN_UNUSED_VARIABLE = YES;
				IPHONEOS_DEPLOYMENT_TARGET = 14.4;
				MTL_ENABLE_DEBUG_INFO = NO;
				MTL_FAST_MATH = YES;
				SDKROOT = iphoneos;
				SWIFT_COMPILATION_MODE = wholemodule;
				SWIFT_OPTIMIZATION_LEVEL = "-O";
				VALIDATE_PRODUCT = YES;
			};
			name = Release;
		};
		509B07022646A0B50059222E /* Debug */ = {
			isa = XCBuildConfiguration;
			buildSettings = {
				ASSETCATALOG_COMPILER_APPICON_NAME = AppIcon;
				ASSETCATALOG_COMPILER_GLOBAL_ACCENT_COLOR_NAME = AccentColor;
				CODE_SIGN_STYLE = Automatic;
				DEVELOPMENT_ASSET_PATHS = "\"landmark/Preview Content\"";
				DEVELOPMENT_TEAM = GSM7T3YNKT;
				ENABLE_PREVIEWS = YES;
				INFOPLIST_FILE = landmark/Info.plist;
				IPHONEOS_DEPLOYMENT_TARGET = 14.0;
				LD_RUNPATH_SEARCH_PATHS = (
					"$(inherited)",
					"@executable_path/Frameworks",
				);
				PRODUCT_BUNDLE_IDENTIFIER = bevan.landmark;
				PRODUCT_NAME = "$(TARGET_NAME)";
				SWIFT_VERSION = 5.0;
				TARGETED_DEVICE_FAMILY = "1,2";
			};
			name = Debug;
		};
		509B07032646A0B50059222E /* Release */ = {
			isa = XCBuildConfiguration;
			buildSettings = {
				ASSETCATALOG_COMPILER_APPICON_NAME = AppIcon;
				ASSETCATALOG_COMPILER_GLOBAL_ACCENT_COLOR_NAME = AccentColor;
				CODE_SIGN_STYLE = Automatic;
				DEVELOPMENT_ASSET_PATHS = "\"landmark/Preview Content\"";
				DEVELOPMENT_TEAM = GSM7T3YNKT;
				ENABLE_PREVIEWS = YES;
				INFOPLIST_FILE = landmark/Info.plist;
				IPHONEOS_DEPLOYMENT_TARGET = 14.0;
				LD_RUNPATH_SEARCH_PATHS = (
					"$(inherited)",
					"@executable_path/Frameworks",
				);
				PRODUCT_BUNDLE_IDENTIFIER = bevan.landmark;
				PRODUCT_NAME = "$(TARGET_NAME)";
				SWIFT_VERSION = 5.0;
				TARGETED_DEVICE_FAMILY = "1,2";
			};
			name = Release;
		};
/* End XCBuildConfiguration section */

/* Begin XCConfigurationList section */
		509B06ED2646A0B40059222E /* Build configuration list for PBXProject "landmark" */ = {
			isa = XCConfigurationList;
			buildConfigurations = (
				509B06FF2646A0B50059222E /* Debug */,
				509B07002646A0B50059222E /* Release */,
			);
			defaultConfigurationIsVisible = 0;
			defaultConfigurationName = Release;
		};
		509B07012646A0B50059222E /* Build configuration list for PBXNativeTarget "landmark" */ = {
			isa = XCConfigurationList;
			buildConfigurations = (
				509B07022646A0B50059222E /* Debug */,
				509B07032646A0B50059222E /* Release */,
			);
			defaultConfigurationIsVisible = 0;
			defaultConfigurationName = Release;
		};
/* End XCConfigurationList section */
	};
	rootObject = 509B06EA2646A0B40059222E /* Project object */;
}
